
Microsoft Visual Studio Solution File, Format Version 12.00
# Visual Studio 2013
VisualStudioVersion = 12.0.40629.0
MinimumVisualStudioVersion = 10.0.40219.1
Project("{FAE04EC0-301F-11D3-BF4B-00C04F79EFBC}") = "WebSocketClinent", "WebSocketClinent\WebSocketClinent.csproj", "{A7918DB2-F605-4A0C-B4BB-F7E3A2EC4BD1}"
EndProject
Project("{FAE04EC0-301F-11D3-BF4B-00C04F79EFBC}") = "WebSocketServer", "WebSocketServer\WebSocketServer.csproj", "{87CA6B83-9383-479B-9D2A-D4954C65F503}"
EndProject
Global
	GlobalSection(SolutionConfigurationPlatforms) = preSolution
		Debug|Any CPU = Debug|Any CPU
		Release|Any CPU = Release|Any CPU
	EndGlobalSection
	GlobalSection(ProjectConfigurationPlatforms) = postSolution
		{A7918DB2-F605-4A0C-B4BB-F7E3A2EC4BD1}.Debug|Any CPU.ActiveCfg = Debug|Any CPU
		{A7918DB2-F605-4A0C-B4BB-F7E3A2EC4BD1}.Debug|Any CPU.Build.0 = Debug|Any CPU
		{A7918DB2-F605-4A0C-B4BB-F7E3A2EC4BD1}.Release|Any CPU.ActiveCfg = Release|Any CPU
		{A7918DB2-F605-4A0C-B4BB-F7E3A2EC4BD1}.Release|Any CPU.Build.0 = Release|Any CPU
		{87CA6B83-9383-479B-9D2A-D4954C65F503}.Debug|Any CPU.ActiveCfg = Debug|Any CPU
		{87CA6B83-9383-479B-9D2A-D4954C65F503}.Debug|Any CPU.Build.0 = Debug|Any CPU
		{87CA6B83-9383-479B-9D2A-D4954C65F503}.Release|Any CPU.ActiveCfg = Release|Any CPU
		{87CA6B83-9383-479B-9D2A-D4954C65F503}.Release|Any CPU.Build.0 = Release|Any CPU
	EndGlobalSection
	GlobalSection(SolutionProperties) = preSolution
		HideSolutionNode = FALSE
	EndGlobalSection
EndGlobal
